{
  "name": "react-validate-fields",
  "version": "1.1.1",
  "lockfileVersion": 1,
  "requires": true,
  "dependencies": {
    "allsettled-polyfill": {
      "version": "1.0.4",
      "resolved": "https://registry.npmjs.org/allsettled-polyfill/-/allsettled-polyfill-1.0.4.tgz",
      "integrity": "sha512-Ga5A5wQV5iH47ayX5xjlgIwM+MBuJu55HoA0z8KVsoQbNi9pW0RgQLea7Kdoxq79y1OuHVbdesjOZJ67ZqOvRw=="
    }
  }
}
